
Microsoft Visual Studio Solution File, Format Version 12.00
# Visual Studio Version 16
VisualStudioVersion = 16.0.32413.511
MinimumVisualStudioVersion = 10.0.40219.1
Project("{8BC9CEB8-8B4A-11D0-8D11-00A0C91BC942}") = "ProgOrienteObjet", "ProgOrienteObjet\ProgOrienteObjet.vcxproj", "{E302CFE6-F7E4-41ED-BC50-CBAB0338F65E}"
EndProject
Global
	GlobalSection(SolutionConfigurationPlatforms) = preSolution
		Debug|x64 = Debug|x64
		Debug|x86 = Debug|x86
		Release|x64 = Release|x64
		Release|x86 = Release|x86
	EndGlobalSection
	GlobalSection(ProjectConfigurationPlatforms) = postSolution
		{E302CFE6-F7E4-41ED-BC50-CBAB0338F65E}.Debug|x64.ActiveCfg = Debug|x64
		{E302CFE6-F7E4-41ED-BC50-CBAB0338F65E}.Debug|x64.Build.0 = Debug|x64
		{E302CFE6-F7E4-41ED-BC50-CBAB0338F65E}.Debug|x86.ActiveCfg = Debug|Win32
		{E302CFE6-F7E4-41ED-BC50-CBAB0338F65E}.Debug|x86.Build.0 = Debug|Win32
		{E302CFE6-F7E4-41ED-BC50-CBAB0338F65E}.Release|x64.ActiveCfg = Release|x64
		{E302CFE6-F7E4-41ED-BC50-CBAB0338F65E}.Release|x64.Build.0 = Release|x64
		{E302CFE6-F7E4-41ED-BC50-CBAB0338F65E}.Release|x86.ActiveCfg = Release|Win32
		{E302CFE6-F7E4-41ED-BC50-CBAB0338F65E}.Release|x86.Build.0 = Release|Win32
	EndGlobalSection
	GlobalSection(SolutionProperties) = preSolution
		HideSolutionNode = FALSE
	EndGlobalSection
	GlobalSection(ExtensibilityGlobals) = postSolution
		SolutionGuid = {D6F48581-07EA-48DC-9697-8E9F6E4DDF3D}
	EndGlobalSection
EndGlobal
